
Microsoft Visual Studio Solution File, Format Version 12.00
# Visual Studio Version 17
VisualStudioVersion = 17.3.32825.248
MinimumVisualStudioVersion = 10.0.40219.1
Project("{FAE04EC0-301F-11D3-BF4B-00C04F79EFBC}") = "MvcDummyProject", "MvcDummyProject\MvcDummyProject.csproj", "{23FCBBC0-2162-49E0-A018-598F042FDB09}"
EndProject
Global
	GlobalSection(SolutionConfigurationPlatforms) = preSolution
		Debug|Any CPU = Debug|Any CPU
		Release|Any CPU = Release|Any CPU
	EndGlobalSection
	GlobalSection(ProjectConfigurationPlatforms) = postSolution
		{23FCBBC0-2162-49E0-A018-598F042FDB09}.Debug|Any CPU.ActiveCfg = Debug|Any CPU
		{23FCBBC0-2162-49E0-A018-598F042FDB09}.Debug|Any CPU.Build.0 = Debug|Any CPU
		{23FCBBC0-2162-49E0-A018-598F042FDB09}.Release|Any CPU.ActiveCfg = Release|Any CPU
		{23FCBBC0-2162-49E0-A018-598F042FDB09}.Release|Any CPU.Build.0 = Release|Any CPU
	EndGlobalSection
	GlobalSection(SolutionProperties) = preSolution
		HideSolutionNode = FALSE
	EndGlobalSection
	GlobalSection(ExtensibilityGlobals) = postSolution
		SolutionGuid = {F5B423D5-C094-4130-95D2-A92EF0F366B3}
	EndGlobalSection
EndGlobal
